// !$*UTF8*$!
{
	archiveVersion = 1;
	classes = {
	};
	objectVersion = 46;
	objects = {

/* Begin PBXBuildFile section */
		0A67EB2E155D7D40009D5F92 /* CalculatorBrain.m in Sources */ = {isa = PBXBuildFile; fileRef = 0A67EB2D155D7D40009D5F92 /* CalculatorBrain.m */; };
		F9D377ED155D014B004EE121 /* UIKit.framework in Frameworks */ = {isa = PBXBuildFile; fileRef = F9D377EC155D014B004EE121 /* UIKit.framework */; };
		F9D377EF155D014B004EE121 /* Foundation.framework in Frameworks */ = {isa = PBXBuildFile; fileRef = F9D377EE155D014B004EE121 /* Foundation.framework */; };
		F9D377F1155D014B004EE121 /* CoreGraphics.framework in Frameworks */ = {isa = PBXBuildFile; fileRef = F9D377F0155D014B004EE121 /* CoreGraphics.framework */; };
		F9D377F7155D014B004EE121 /* InfoPlist.strings in Resources */ = {isa = PBXBuildFile; fileRef = F9D377F5155D014B004EE121 /* InfoPlist.strings */; };
		F9D377F9155D014B004EE121 /* main.m in Sources */ = {isa = PBXBuildFile; fileRef = F9D377F8155D014B004EE121 /* main.m */; };
		F9D377FD155D014B004EE121 /* CalculatorAppDelegate.m in Sources */ = {isa = PBXBuildFile; fileRef = F9D377FC155D014B004EE121 /* CalculatorAppDelegate.m */; };
		F9D37800155D014C004EE121 /* MainStoryboard.storyboard in Resources */ = {isa = PBXBuildFile; fileRef = F9D377FE155D014B004EE121 /* MainStoryboard.storyboard */; };
		F9D37803155D014C004EE121 /* CalculatorViewController.m in Sources */ = {isa = PBXBuildFile; fileRef = F9D37802155D014C004EE121 /* CalculatorViewController.m */; };
/* End PBXBuildFile section */

/* Begin PBXFileReference section */
		0A67EB2C155D7D40009D5F92 /* CalculatorBrain.h */ = {isa = PBXFileReference; fileEncoding = 4; lastKnownFileType = sourcecode.c.h; path = CalculatorBrain.h; sourceTree = "<group>"; };
		0A67EB2D155D7D40009D5F92 /* CalculatorBrain.m */ = {isa = PBXFileReference; fileEncoding = 4; lastKnownFileType = sourcecode.c.objc; path = CalculatorBrain.m; sourceTree = "<group>"; };
		F9D377E8155D014B004EE121 /* Calculator.app */ = {isa = PBXFileReference; explicitFileType = wrapper.application; includeInIndex = 0; path = Calculator.app; sourceTree = BUILT_PRODUCTS_DIR; };
		F9D377EC155D014B004EE121 /* UIKit.framework */ = {isa = PBXFileReference; lastKnownFileType = wrapper.framework; name = UIKit.framework; path = System/Library/Frameworks/UIKit.framework; sourceTree = SDKROOT; };
		F9D377EE155D014B004EE121 /* Foundation.framework */ = {isa = PBXFileReference; lastKnownFileType = wrapper.framework; name = Foundation.framework; path = System/Library/Frameworks/Foundation.framework; sourceTree = SDKROOT; };
		F9D377F0155D014B004EE121 /* CoreGraphics.framework */ = {isa = PBXFileReference; lastKnownFileType = wrapper.framework; name = CoreGraphics.framework; path = System/Library/Frameworks/CoreGraphics.framework; sourceTree = SDKROOT; };
		F9D377F4155D014B004EE121 /* Calculator-Info.plist */ = {isa = PBXFileReference; lastKnownFileType = text.plist.xml; path = "Calculator-Info.plist"; sourceTree = "<group>"; };
		F9D377F6155D014B004EE121 /* en */ = {isa = PBXFileReference; lastKnownFileType = text.plist.strings; name = en; path = en.lproj/InfoPlist.strings; sourceTree = "<group>"; };
		F9D377F8155D014B004EE121 /* main.m */ = {isa = PBXFileReference; lastKnownFileType = sourcecode.c.objc; path = main.m; sourceTree = "<group>"; };
		F9D377FA155D014B004EE121 /* Calculator-Prefix.pch */ = {isa = PBXFileReference; lastKnownFileType = sourcecode.c.h; path = "Calculator-Prefix.pch"; sourceTree = "<group>"; };
		F9D377FB155D014B004EE121 /* CalculatorAppDelegate.h */ = {isa = PBXFileReference; lastKnownFileType = sourcecode.c.h; path = CalculatorAppDelegate.h; sourceTree = "<group>"; };
		F9D377FC155D014B004EE121 /* CalculatorAppDelegate.m */ = {isa = PBXFileReference; lastKnownFileType = sourcecode.c.objc; path = CalculatorAppDelegate.m; sourceTree = "<group>"; };
		F9D377FF155D014B004EE121 /* en */ = {isa = PBXFileReference; lastKnownFileType = file.storyboard; name = en; path = en.lproj/MainStoryboard.storyboard; sourceTree = "<group>"; };
		F9D37801155D014C004EE121 /* CalculatorViewController.h */ = {isa = PBXFileReference; lastKnownFileType = sourcecode.c.h; path = CalculatorViewController.h; sourceTree = "<group>"; };
		F9D37802155D014C004EE121 /* CalculatorViewController.m */ = {isa = PBXFileReference; lastKnownFileType = sourcecode.c.objc; path = CalculatorViewController.m; sourceTree = "<group>"; };
/* End PBXFileReference section */

/* Begin PBXFrameworksBuildPhase section */
		F9D377E5155D014B004EE121 /* Frameworks */ = {
			isa = PBXFrameworksBuildPhase;
			buildActionMask = 2147483647;
			files = (
				F9D377ED155D014B004EE121 /* UIKit.framework in Frameworks */,
				F9D377EF155D014B004EE121 /* Foundation.framework in Frameworks */,
				F9D377F1155D014B004EE121 /* CoreGraphics.framework in Frameworks */,
			);
			runOnlyForDeploymentPostprocessing = 0;
		};
/* End PBXFrameworksBuildPhase section */

/* Begin PBXGroup section */
		F9D377DD155D014A004EE121 = {
			isa = PBXGroup;
			children = (
				F9D377F2155D014B004EE121 /* Calculator */,
				F9D377EB155D014B004EE121 /* Frameworks */,
				F9D377E9155D014B004EE121 /* Products */,
			);
			sourceTree = "<group>";
		};
		F9D377E9155D014B004EE121 /* Products */ = {
			isa = PBXGroup;
			children = (
				F9D377E8155D014B004EE121 /* Calculator.app */,
			);
			name = Products;
			sourceTree = "<group>";
		};
		F9D377EB155D014B004EE121 /* Frameworks */ = {
			isa = PBXGroup;
			children = (
				F9D377EC155D014B004EE121 /* UIKit.framework */,
				F9D377EE155D014B004EE121 /* Foundation.framework */,
				F9D377F0155D014B004EE121 /* CoreGraphics.framework */,
			);
			name = Frameworks;
			sourceTree = "<group>";
		};
		F9D377F2155D014B004EE121 /* Calculator */ = {
			isa = PBXGroup;
			children = (
				F9D377FB155D014B004EE121 /* CalculatorAppDelegate.h */,
				F9D377FC155D014B004EE121 /* CalculatorAppDelegate.m */,
				F9D377FE155D014B004EE121 /* MainStoryboard.storyboard */,
				F9D37801155D014C004EE121 /* CalculatorViewController.h */,
				0A67EB2C155D7D40009D5F92 /* CalculatorBrain.h */,
				0A67EB2D155D7D40009D5F92 /* CalculatorBrain.m */,
				F9D37802155D014C004EE121 /* CalculatorViewController.m */,
				F9D377F3155D014B004EE121 /* Supporting Files */,
			);
			path = Calculator;
			sourceTree = "<group>";
		};
		F9D377F3155D014B004EE121 /* Supporting Files */ = {
			isa = PBXGroup;
			children = (
				F9D377F4155D014B004EE121 /* Calculator-Info.plist */,
				F9D377F5155D014B004EE121 /* InfoPlist.strings */,
				F9D377F8155D014B004EE121 /* main.m */,
				F9D377FA155D014B004EE121 /* Calculator-Prefix.pch */,
			);
			name = "Supporting Files";
			sourceTree = "<group>";
		};
/* End PBXGroup section */

/* Begin PBXNativeTarget section */
		F9D377E7155D014B004EE121 /* Calculator */ = {
			isa = PBXNativeTarget;
			buildConfigurationList = F9D37806155D014C004EE121 /* Build configuration list for PBXNativeTarget "Calculator" */;
			buildPhases = (
				F9D377E4155D014B004EE121 /* Sources */,
				F9D377E5155D014B004EE121 /* Frameworks */,
				F9D377E6155D014B004EE121 /* Resources */,
			);
			buildRules = (
			);
			dependencies = (
			);
			name = Calculator;
			productName = Calculator;
			productReference = F9D377E8155D014B004EE121 /* Calculator.app */;
			productType = "com.apple.product-type.application";
		};
/* End PBXNativeTarget section */

/* Begin PBXProject section */
		F9D377DF155D014B004EE121 /* Project object */ = {
			isa = PBXProject;
			attributes = {
				CLASSPREFIX = Calculator;
				LastUpgradeCheck = 0430;
			};
			buildConfigurationList = F9D377E2155D014B004EE121 /* Build configuration list for PBXProject "Calculator" */;
			compatibilityVersion = "Xcode 3.2";
			developmentRegion = English;
			hasScannedForEncodings = 0;
			knownRegions = (
				en,
			);
			mainGroup = F9D377DD155D014A004EE121;
			productRefGroup = F9D377E9155D014B004EE121 /* Products */;
			projectDirPath = "";
			projectRoot = "";
			targets = (
				F9D377E7155D014B004EE121 /* Calculator */,
			);
		};
/* End PBXProject section */

/* Begin PBXResourcesBuildPhase section */
		F9D377E6155D014B004EE121 /* Resources */ = {
			isa = PBXResourcesBuildPhase;
			buildActionMask = 2147483647;
			files = (
				F9D377F7155D014B004EE121 /* InfoPlist.strings in Resources */,
				F9D37800155D014C004EE121 /* MainStoryboard.storyboard in Resources */,
			);
			runOnlyForDeploymentPostprocessing = 0;
		};
/* End PBXResourcesBuildPhase section */

/* Begin PBXSourcesBuildPhase section */
		F9D377E4155D014B004EE121 /* Sources */ = {
			isa = PBXSourcesBuildPhase;
			buildActionMask = 2147483647;
			files = (
				F9D377F9155D014B004EE121 /* main.m in Sources */,
				F9D377FD155D014B004EE121 /* CalculatorAppDelegate.m in Sources */,
				F9D37803155D014C004EE121 /* CalculatorViewController.m in Sources */,
				0A67EB2E155D7D40009D5F92 /* CalculatorBrain.m in Sources */,
			);
			runOnlyForDeploymentPostprocessing = 0;
		};
/* End PBXSourcesBuildPhase section */

/* Begin PBXVariantGroup section */
		F9D377F5155D014B004EE121 /* InfoPlist.strings */ = {
			isa = PBXVariantGroup;
			children = (
				F9D377F6155D014B004EE121 /* en */,
			);
			name = InfoPlist.strings;
			sourceTree = "<group>";
		};
		F9D377FE155D014B004EE121 /* MainStoryboard.storyboard */ = {
			isa = PBXVariantGroup;
			children = (
				F9D377FF155D014B004EE121 /* en */,
			);
			name = MainStoryboard.storyboard;
			sourceTree = "<group>";
		};
/* End PBXVariantGroup section */

/* Begin XCBuildConfiguration section */
		F9D37804155D014C004EE121 /* Debug */ = {
			isa = XCBuildConfiguration;
			buildSettings = {
				ALWAYS_SEARCH_USER_PATHS = NO;
				ARCHS = "$(ARCHS_STANDARD_32_BIT)";
				CLANG_ENABLE_OBJC_ARC = YES;
				"CODE_SIGN_IDENTITY[sdk=iphoneos*]" = "iPhone Developer";
				COPY_PHASE_STRIP = NO;
				GCC_C_LANGUAGE_STANDARD = gnu99;
				GCC_DYNAMIC_NO_PIC = NO;
				GCC_OPTIMIZATION_LEVEL = 0;
				GCC_PREPROCESSOR_DEFINITIONS = (
					"DEBUG=1",
					"$(inherited)",
				);
				GCC_SYMBOLS_PRIVATE_EXTERN = NO;
				GCC_VERSION = com.apple.compilers.llvm.clang.1_0;
				GCC_WARN_ABOUT_RETURN_TYPE = YES;
				GCC_WARN_UNINITIALIZED_AUTOS = YES;
				GCC_WARN_UNUSED_VARIABLE = YES;
				IPHONEOS_DEPLOYMENT_TARGET = 5.1;
				SDKROOT = iphoneos;
			};
			name = Debug;
		};
		F9D37805155D014C004EE121 /* Release */ = {
			isa = XCBuildConfiguration;
			buildSettings = {
				ALWAYS_SEARCH_USER_PATHS = NO;
				ARCHS = "$(ARCHS_STANDARD_32_BIT)";
				CLANG_ENABLE_OBJC_ARC = YES;
				"CODE_SIGN_IDENTITY[sdk=iphoneos*]" = "iPhone Developer";
				COPY_PHASE_STRIP = YES;
				GCC_C_LANGUAGE_STANDARD = gnu99;
				GCC_VERSION = com.apple.compilers.llvm.clang.1_0;
				GCC_WARN_ABOUT_RETURN_TYPE = YES;
				GCC_WARN_UNINITIALIZED_AUTOS = YES;
				GCC_WARN_UNUSED_VARIABLE = YES;
				IPHONEOS_DEPLOYMENT_TARGET = 5.1;
				OTHER_CFLAGS = "-DNS_BLOCK_ASSERTIONS=1";
				SDKROOT = iphoneos;
				VALIDATE_PRODUCT = YES;
			};
			name = Release;
		};
		F9D37807155D014C004EE121 /* Debug */ = {
			isa = XCBuildConfiguration;
			buildSettings = {
				GCC_PRECOMPILE_PREFIX_HEADER = YES;
				GCC_PREFIX_HEADER = "Calculator/Calculator-Prefix.pch";
				INFOPLIST_FILE = "Calculator/Calculator-Info.plist";
				PRODUCT_NAME = "$(TARGET_NAME)";
				WRAPPER_EXTENSION = app;
			};
			name = Debug;
		};
		F9D37808155D014C004EE121 /* Release */ = {
			isa = XCBuildConfiguration;
			buildSettings = {
				GCC_PRECOMPILE_PREFIX_HEADER = YES;
				GCC_PREFIX_HEADER = "Calculator/Calculator-Prefix.pch";
				INFOPLIST_FILE = "Calculator/Calculator-Info.plist";
				PRODUCT_NAME = "$(TARGET_NAME)";
				WRAPPER_EXTENSION = app;
			};
			name = Release;
		};
/* End XCBuildConfiguration section */

/* Begin XCConfigurationList section */
		F9D377E2155D014B004EE121 /* Build configuration list for PBXProject "Calculator" */ = {
			isa = XCConfigurationList;
			buildConfigurations = (
				F9D37804155D014C004EE121 /* Debug */,
				F9D37805155D014C004EE121 /* Release */,
			);
			defaultConfigurationIsVisible = 0;
			defaultConfigurationName = Release;
		};
		F9D37806155D014C004EE121 /* Build configuration list for PBXNativeTarget "Calculator" */ = {
			isa = XCConfigurationList;
			buildConfigurations = (
				F9D37807155D014C004EE121 /* Debug */,
				F9D37808155D014C004EE121 /* Release */,
			);
			defaultConfigurationIsVisible = 0;
			defaultConfigurationName = Release;
		};
/* End XCConfigurationList section */
	};
	rootObject = F9D377DF155D014B004EE121 /* Project object */;
}
